
Microsoft Visual Studio Solution File, Format Version 12.00
# Visual Studio Version 16
VisualStudioVersion = 16.0.31515.178
MinimumVisualStudioVersion = 10.0.40219.1
Project("{FAE04EC0-301F-11D3-BF4B-00C04F79EFBC}") = "SPV102_CS486_Team13", "SPV102_CS486_Team13.csproj", "{BE9F8184-B3FC-497B-AC70-B868CEC004BA}"
EndProject
Global
	GlobalSection(SolutionConfigurationPlatforms) = preSolution
		Debug|Any CPU = Debug|Any CPU
		Release|Any CPU = Release|Any CPU
	EndGlobalSection
	GlobalSection(ProjectConfigurationPlatforms) = postSolution
		{BE9F8184-B3FC-497B-AC70-B868CEC004BA}.Debug|Any CPU.ActiveCfg = Debug|Any CPU
		{BE9F8184-B3FC-497B-AC70-B868CEC004BA}.Debug|Any CPU.Build.0 = Debug|Any CPU
		{BE9F8184-B3FC-497B-AC70-B868CEC004BA}.Release|Any CPU.ActiveCfg = Release|Any CPU
		{BE9F8184-B3FC-497B-AC70-B868CEC004BA}.Release|Any CPU.Build.0 = Release|Any CPU
	EndGlobalSection
	GlobalSection(SolutionProperties) = preSolution
		HideSolutionNode = FALSE
	EndGlobalSection
	GlobalSection(ExtensibilityGlobals) = postSolution
		SolutionGuid = {53248299-0625-4F42-80DF-4BD6CF111292}
	EndGlobalSection
EndGlobal
